{
  "object": {
    "pins": [
      {
        "package": "DSFAppKitBuilder",
        "repositoryURL": "https://github.com/dagronf/DSFAppKitBuilder",
        "state": {
          "branch": null,
          "revision": "ce5762a5f4a92bacf3f1b32c0bb9cb77541e075a",
          "version": "4.3.2"
        }
      }
    ]
  },
  "version": 1
}
