{
  "object": {
    "pins": [
      {
        "package": "DSFAppKitBuilder",
        "repositoryURL": "https://github.com/dagronf/DSFAppKitBuilder",
        "state": {
          "branch": null,
          "revision": "f432e3e8a59cba303630ededfea06337b56fee31",
          "version": "4.1.1"
        }
      }
    ]
  },
  "version": 1
}
