{
  "object": {
    "pins": [
      {
        "package": "DSFAppKitBuilder",
        "repositoryURL": "https://github.com/dagronf/DSFAppKitBuilder",
        "state": {
          "branch": null,
          "revision": "000a236d173f4a941e9cefaf2719dc6a35fa1597",
          "version": "4.2.0"
        }
      }
    ]
  },
  "version": 1
}
