// !$*UTF8*$!
{
	archiveVersion = 1;
	classes = {
	};
	objectVersion = 55;
	objects = {

/* Begin PBXBuildFile section */
		23D5A47B26CB467900211D4F /* AppDelegate.swift in Sources */ = {isa = PBXBuildFile; fileRef = 23D5A47A26CB467900211D4F /* AppDelegate.swift */; };
		23D5A47D26CB467900211D4F /* ViewController.swift in Sources */ = {isa = PBXBuildFile; fileRef = 23D5A47C26CB467900211D4F /* ViewController.swift */; };
		23D5A47F26CB467A00211D4F /* Assets.xcassets in Resources */ = {isa = PBXBuildFile; fileRef = 23D5A47E26CB467A00211D4F /* Assets.xcassets */; };
		23D5A48226CB467A00211D4F /* Main.storyboard in Resources */ = {isa = PBXBuildFile; fileRef = 23D5A48026CB467A00211D4F /* Main.storyboard */; };
		23D5A48B26CB46F700211D4F /* DSFAppKitBuilder in Frameworks */ = {isa = PBXBuildFile; productRef = 23D5A48A26CB46F700211D4F /* DSFAppKitBuilder */; };
		23D5A48E26CB474000211D4F /* DSFBrowserView in Frameworks */ = {isa = PBXBuildFile; productRef = 23D5A48D26CB474000211D4F /* DSFBrowserView */; };
/* End PBXBuildFile section */

/* Begin PBXFileReference section */
		23D5A47726CB467900211D4F /* DSFBrowserView Demo.app */ = {isa = PBXFileReference; explicitFileType = wrapper.application; includeInIndex = 0; path = "DSFBrowserView Demo.app"; sourceTree = BUILT_PRODUCTS_DIR; };
		23D5A47A26CB467900211D4F /* AppDelegate.swift */ = {isa = PBXFileReference; lastKnownFileType = sourcecode.swift; path = AppDelegate.swift; sourceTree = "<group>"; };
		23D5A47C26CB467900211D4F /* ViewController.swift */ = {isa = PBXFileReference; lastKnownFileType = sourcecode.swift; path = ViewController.swift; sourceTree = "<group>"; };
		23D5A47E26CB467A00211D4F /* Assets.xcassets */ = {isa = PBXFileReference; lastKnownFileType = folder.assetcatalog; path = Assets.xcassets; sourceTree = "<group>"; };
		23D5A48126CB467A00211D4F /* Base */ = {isa = PBXFileReference; lastKnownFileType = file.storyboard; name = Base; path = Base.lproj/Main.storyboard; sourceTree = "<group>"; };
		23D5A48826CB468000211D4F /* DSFBrowserView */ = {isa = PBXFileReference; lastKnownFileType = folder; name = DSFBrowserView; path = ../..; sourceTree = "<group>"; };
/* End PBXFileReference section */

/* Begin PBXFrameworksBuildPhase section */
		23D5A47426CB467900211D4F /* Frameworks */ = {
			isa = PBXFrameworksBuildPhase;
			buildActionMask = 2147483647;
			files = (
				23D5A48E26CB474000211D4F /* DSFBrowserView in Frameworks */,
				23D5A48B26CB46F700211D4F /* DSFAppKitBuilder in Frameworks */,
			);
			runOnlyForDeploymentPostprocessing = 0;
		};
/* End PBXFrameworksBuildPhase section */

/* Begin PBXGroup section */
		23D5A46E26CB467900211D4F = {
			isa = PBXGroup;
			children = (
				23D5A48826CB468000211D4F /* DSFBrowserView */,
				23D5A47926CB467900211D4F /* DSFBrowserView Demo */,
				23D5A47826CB467900211D4F /* Products */,
				23D5A48C26CB474000211D4F /* Frameworks */,
			);
			sourceTree = "<group>";
		};
		23D5A47826CB467900211D4F /* Products */ = {
			isa = PBXGroup;
			children = (
				23D5A47726CB467900211D4F /* DSFBrowserView Demo.app */,
			);
			name = Products;
			sourceTree = "<group>";
		};
		23D5A47926CB467900211D4F /* DSFBrowserView Demo */ = {
			isa = PBXGroup;
			children = (
				23D5A47A26CB467900211D4F /* AppDelegate.swift */,
				23D5A47C26CB467900211D4F /* ViewController.swift */,
				23D5A47E26CB467A00211D4F /* Assets.xcassets */,
				23D5A48026CB467A00211D4F /* Main.storyboard */,
			);
			path = "DSFBrowserView Demo";
			sourceTree = "<group>";
		};
		23D5A48C26CB474000211D4F /* Frameworks */ = {
			isa = PBXGroup;
			children = (
			);
			name = Frameworks;
			sourceTree = "<group>";
		};
/* End PBXGroup section */

/* Begin PBXNativeTarget section */
		23D5A47626CB467900211D4F /* DSFBrowserView Demo */ = {
			isa = PBXNativeTarget;
			buildConfigurationList = 23D5A48526CB467A00211D4F /* Build configuration list for PBXNativeTarget "DSFBrowserView Demo" */;
			buildPhases = (
				23D5A47326CB467900211D4F /* Sources */,
				23D5A47426CB467900211D4F /* Frameworks */,
				23D5A47526CB467900211D4F /* Resources */,
			);
			buildRules = (
			);
			dependencies = (
			);
			name = "DSFBrowserView Demo";
			packageProductDependencies = (
				23D5A48A26CB46F700211D4F /* DSFAppKitBuilder */,
				23D5A48D26CB474000211D4F /* DSFBrowserView */,
			);
			productName = "DSFBrowserView Demo";
			productReference = 23D5A47726CB467900211D4F /* DSFBrowserView Demo.app */;
			productType = "com.apple.product-type.application";
		};
/* End PBXNativeTarget section */

/* Begin PBXProject section */
		23D5A46F26CB467900211D4F /* Project object */ = {
			isa = PBXProject;
			attributes = {
				BuildIndependentTargetsInParallel = 1;
				LastSwiftUpdateCheck = 1300;
				LastUpgradeCheck = 1300;
				TargetAttributes = {
					23D5A47626CB467900211D4F = {
						CreatedOnToolsVersion = 13.0;
					};
				};
			};
			buildConfigurationList = 23D5A47226CB467900211D4F /* Build configuration list for PBXProject "DSFBrowserView Demo" */;
			compatibilityVersion = "Xcode 13.0";
			developmentRegion = en;
			hasScannedForEncodings = 0;
			knownRegions = (
				en,
				Base,
			);
			mainGroup = 23D5A46E26CB467900211D4F;
			packageReferences = (
				23D5A48926CB46F700211D4F /* XCRemoteSwiftPackageReference "DSFAppKitBuilder" */,
			);
			productRefGroup = 23D5A47826CB467900211D4F /* Products */;
			projectDirPath = "";
			projectRoot = "";
			targets = (
				23D5A47626CB467900211D4F /* DSFBrowserView Demo */,
			);
		};
/* End PBXProject section */

/* Begin PBXResourcesBuildPhase section */
		23D5A47526CB467900211D4F /* Resources */ = {
			isa = PBXResourcesBuildPhase;
			buildActionMask = 2147483647;
			files = (
				23D5A47F26CB467A00211D4F /* Assets.xcassets in Resources */,
				23D5A48226CB467A00211D4F /* Main.storyboard in Resources */,
			);
			runOnlyForDeploymentPostprocessing = 0;
		};
/* End PBXResourcesBuildPhase section */

/* Begin PBXSourcesBuildPhase section */
		23D5A47326CB467900211D4F /* Sources */ = {
			isa = PBXSourcesBuildPhase;
			buildActionMask = 2147483647;
			files = (
				23D5A47D26CB467900211D4F /* ViewController.swift in Sources */,
				23D5A47B26CB467900211D4F /* AppDelegate.swift in Sources */,
			);
			runOnlyForDeploymentPostprocessing = 0;
		};
/* End PBXSourcesBuildPhase section */

/* Begin PBXVariantGroup section */
		23D5A48026CB467A00211D4F /* Main.storyboard */ = {
			isa = PBXVariantGroup;
			children = (
				23D5A48126CB467A00211D4F /* Base */,
			);
			name = Main.storyboard;
			sourceTree = "<group>";
		};
/* End PBXVariantGroup section */

/* Begin XCBuildConfiguration section */
		23D5A48326CB467A00211D4F /* Debug */ = {
			isa = XCBuildConfiguration;
			buildSettings = {
				ALWAYS_SEARCH_USER_PATHS = NO;
				CLANG_ANALYZER_NONNULL = YES;
				CLANG_ANALYZER_NUMBER_OBJECT_CONVERSION = YES_AGGRESSIVE;
				CLANG_CXX_LANGUAGE_STANDARD = "gnu++17";
				CLANG_CXX_LIBRARY = "libc++";
				CLANG_ENABLE_MODULES = YES;
				CLANG_ENABLE_OBJC_ARC = YES;
				CLANG_ENABLE_OBJC_WEAK = YES;
				CLANG_WARN_BLOCK_CAPTURE_AUTORELEASING = YES;
				CLANG_WARN_BOOL_CONVERSION = YES;
				CLANG_WARN_COMMA = YES;
				CLANG_WARN_CONSTANT_CONVERSION = YES;
				CLANG_WARN_DEPRECATED_OBJC_IMPLEMENTATIONS = YES;
				CLANG_WARN_DIRECT_OBJC_ISA_USAGE = YES_ERROR;
				CLANG_WARN_DOCUMENTATION_COMMENTS = YES;
				CLANG_WARN_EMPTY_BODY = YES;
				CLANG_WARN_ENUM_CONVERSION = YES;
				CLANG_WARN_INFINITE_RECURSION = YES;
				CLANG_WARN_INT_CONVERSION = YES;
				CLANG_WARN_NON_LITERAL_NULL_CONVERSION = YES;
				CLANG_WARN_OBJC_IMPLICIT_RETAIN_SELF = YES;
				CLANG_WARN_OBJC_LITERAL_CONVERSION = YES;
				CLANG_WARN_OBJC_ROOT_CLASS = YES_ERROR;
				CLANG_WARN_QUOTED_INCLUDE_IN_FRAMEWORK_HEADER = YES;
				CLANG_WARN_RANGE_LOOP_ANALYSIS = YES;
				CLANG_WARN_STRICT_PROTOTYPES = YES;
				CLANG_WARN_SUSPICIOUS_MOVE = YES;
				CLANG_WARN_UNGUARDED_AVAILABILITY = YES_AGGRESSIVE;
				CLANG_WARN_UNREACHABLE_CODE = YES;
				CLANG_WARN__DUPLICATE_METHOD_MATCH = YES;
				COPY_PHASE_STRIP = NO;
				DEBUG_INFORMATION_FORMAT = dwarf;
				ENABLE_STRICT_OBJC_MSGSEND = YES;
				ENABLE_TESTABILITY = YES;
				GCC_C_LANGUAGE_STANDARD = gnu11;
				GCC_DYNAMIC_NO_PIC = NO;
				GCC_NO_COMMON_BLOCKS = YES;
				GCC_OPTIMIZATION_LEVEL = 0;
				GCC_PREPROCESSOR_DEFINITIONS = (
					"DEBUG=1",
					"$(inherited)",
				);
				GCC_WARN_64_TO_32_BIT_CONVERSION = YES;
				GCC_WARN_ABOUT_RETURN_TYPE = YES_ERROR;
				GCC_WARN_UNDECLARED_SELECTOR = YES;
				GCC_WARN_UNINITIALIZED_AUTOS = YES_AGGRESSIVE;
				GCC_WARN_UNUSED_FUNCTION = YES;
				GCC_WARN_UNUSED_VARIABLE = YES;
				MACOSX_DEPLOYMENT_TARGET = 11.5;
				MTL_ENABLE_DEBUG_INFO = INCLUDE_SOURCE;
				MTL_FAST_MATH = YES;
				ONLY_ACTIVE_ARCH = YES;
				SDKROOT = macosx;
				SWIFT_ACTIVE_COMPILATION_CONDITIONS = DEBUG;
				SWIFT_OPTIMIZATION_LEVEL = "-Onone";
			};
			name = Debug;
		};
		23D5A48426CB467A00211D4F /* Release */ = {
			isa = XCBuildConfiguration;
			buildSettings = {
				ALWAYS_SEARCH_USER_PATHS = NO;
				CLANG_ANALYZER_NONNULL = YES;
				CLANG_ANALYZER_NUMBER_OBJECT_CONVERSION = YES_AGGRESSIVE;
				CLANG_CXX_LANGUAGE_STANDARD = "gnu++17";
				CLANG_CXX_LIBRARY = "libc++";
				CLANG_ENABLE_MODULES = YES;
				CLANG_ENABLE_OBJC_ARC = YES;
				CLANG_ENABLE_OBJC_WEAK = YES;
				CLANG_WARN_BLOCK_CAPTURE_AUTORELEASING = YES;
				CLANG_WARN_BOOL_CONVERSION = YES;
				CLANG_WARN_COMMA = YES;
				CLANG_WARN_CONSTANT_CONVERSION = YES;
				CLANG_WARN_DEPRECATED_OBJC_IMPLEMENTATIONS = YES;
				CLANG_WARN_DIRECT_OBJC_ISA_USAGE = YES_ERROR;
				CLANG_WARN_DOCUMENTATION_COMMENTS = YES;
				CLANG_WARN_EMPTY_BODY = YES;
				CLANG_WARN_ENUM_CONVERSION = YES;
				CLANG_WARN_INFINITE_RECURSION = YES;
				CLANG_WARN_INT_CONVERSION = YES;
				CLANG_WARN_NON_LITERAL_NULL_CONVERSION = YES;
				CLANG_WARN_OBJC_IMPLICIT_RETAIN_SELF = YES;
				CLANG_WARN_OBJC_LITERAL_CONVERSION = YES;
				CLANG_WARN_OBJC_ROOT_CLASS = YES_ERROR;
				CLANG_WARN_QUOTED_INCLUDE_IN_FRAMEWORK_HEADER = YES;
				CLANG_WARN_RANGE_LOOP_ANALYSIS = YES;
				CLANG_WARN_STRICT_PROTOTYPES = YES;
				CLANG_WARN_SUSPICIOUS_MOVE = YES;
				CLANG_WARN_UNGUARDED_AVAILABILITY = YES_AGGRESSIVE;
				CLANG_WARN_UNREACHABLE_CODE = YES;
				CLANG_WARN__DUPLICATE_METHOD_MATCH = YES;
				COPY_PHASE_STRIP = NO;
				DEBUG_INFORMATION_FORMAT = "dwarf-with-dsym";
				ENABLE_NS_ASSERTIONS = NO;
				ENABLE_STRICT_OBJC_MSGSEND = YES;
				GCC_C_LANGUAGE_STANDARD = gnu11;
				GCC_NO_COMMON_BLOCKS = YES;
				GCC_WARN_64_TO_32_BIT_CONVERSION = YES;
				GCC_WARN_ABOUT_RETURN_TYPE = YES_ERROR;
				GCC_WARN_UNDECLARED_SELECTOR = YES;
				GCC_WARN_UNINITIALIZED_AUTOS = YES_AGGRESSIVE;
				GCC_WARN_UNUSED_FUNCTION = YES;
				GCC_WARN_UNUSED_VARIABLE = YES;
				MACOSX_DEPLOYMENT_TARGET = 11.5;
				MTL_ENABLE_DEBUG_INFO = NO;
				MTL_FAST_MATH = YES;
				SDKROOT = macosx;
				SWIFT_COMPILATION_MODE = wholemodule;
				SWIFT_OPTIMIZATION_LEVEL = "-O";
			};
			name = Release;
		};
		23D5A48626CB467A00211D4F /* Debug */ = {
			isa = XCBuildConfiguration;
			buildSettings = {
				ASSETCATALOG_COMPILER_APPICON_NAME = AppIcon;
				ASSETCATALOG_COMPILER_GLOBAL_ACCENT_COLOR_NAME = AccentColor;
				CODE_SIGN_STYLE = Automatic;
				COMBINE_HIDPI_IMAGES = YES;
				CURRENT_PROJECT_VERSION = 1;
				DEVELOPMENT_TEAM = 3L6RK3LGGW;
				ENABLE_APP_SANDBOX = YES;
				ENABLE_HARDENED_RUNTIME = YES;
				ENABLE_USER_SELECTED_FILES = readonly;
				GENERATE_INFOPLIST_FILE = YES;
				INFOPLIST_KEY_NSHumanReadableCopyright = "";
				INFOPLIST_KEY_NSMainStoryboardFile = Main;
				INFOPLIST_KEY_NSPrincipalClass = NSApplication;
				LD_RUNPATH_SEARCH_PATHS = (
					"$(inherited)",
					"@executable_path/../Frameworks",
				);
				MARKETING_VERSION = 1.0;
				PRODUCT_BUNDLE_IDENTIFIER = "com.dagronf.dsfbrowserview.demo.DSFBrowserView-Demo";
				PRODUCT_NAME = "$(TARGET_NAME)";
				SWIFT_EMIT_LOC_STRINGS = YES;
				SWIFT_VERSION = 5.0;
			};
			name = Debug;
		};
		23D5A48726CB467A00211D4F /* Release */ = {
			isa = XCBuildConfiguration;
			buildSettings = {
				ASSETCATALOG_COMPILER_APPICON_NAME = AppIcon;
				ASSETCATALOG_COMPILER_GLOBAL_ACCENT_COLOR_NAME = AccentColor;
				CODE_SIGN_STYLE = Automatic;
				COMBINE_HIDPI_IMAGES = YES;
				CURRENT_PROJECT_VERSION = 1;
				DEVELOPMENT_TEAM = 3L6RK3LGGW;
				ENABLE_APP_SANDBOX = YES;
				ENABLE_HARDENED_RUNTIME = YES;
				ENABLE_USER_SELECTED_FILES = readonly;
				GENERATE_INFOPLIST_FILE = YES;
				INFOPLIST_KEY_NSHumanReadableCopyright = "";
				INFOPLIST_KEY_NSMainStoryboardFile = Main;
				INFOPLIST_KEY_NSPrincipalClass = NSApplication;
				LD_RUNPATH_SEARCH_PATHS = (
					"$(inherited)",
					"@executable_path/../Frameworks",
				);
				MARKETING_VERSION = 1.0;
				PRODUCT_BUNDLE_IDENTIFIER = "com.dagronf.dsfbrowserview.demo.DSFBrowserView-Demo";
				PRODUCT_NAME = "$(TARGET_NAME)";
				SWIFT_EMIT_LOC_STRINGS = YES;
				SWIFT_VERSION = 5.0;
			};
			name = Release;
		};
/* End XCBuildConfiguration section */

/* Begin XCConfigurationList section */
		23D5A47226CB467900211D4F /* Build configuration list for PBXProject "DSFBrowserView Demo" */ = {
			isa = XCConfigurationList;
			buildConfigurations = (
				23D5A48326CB467A00211D4F /* Debug */,
				23D5A48426CB467A00211D4F /* Release */,
			);
			defaultConfigurationIsVisible = 0;
			defaultConfigurationName = Release;
		};
		23D5A48526CB467A00211D4F /* Build configuration list for PBXNativeTarget "DSFBrowserView Demo" */ = {
			isa = XCConfigurationList;
			buildConfigurations = (
				23D5A48626CB467A00211D4F /* Debug */,
				23D5A48726CB467A00211D4F /* Release */,
			);
			defaultConfigurationIsVisible = 0;
			defaultConfigurationName = Release;
		};
/* End XCConfigurationList section */

/* Begin XCRemoteSwiftPackageReference section */
		23D5A48926CB46F700211D4F /* XCRemoteSwiftPackageReference "DSFAppKitBuilder" */ = {
			isa = XCRemoteSwiftPackageReference;
			repositoryURL = "https://github.com/dagronf/DSFAppKitBuilder";
			requirement = {
				kind = upToNextMajorVersion;
				minimumVersion = 4.0.0;
			};
		};
/* End XCRemoteSwiftPackageReference section */

/* Begin XCSwiftPackageProductDependency section */
		23D5A48A26CB46F700211D4F /* DSFAppKitBuilder */ = {
			isa = XCSwiftPackageProductDependency;
			package = 23D5A48926CB46F700211D4F /* XCRemoteSwiftPackageReference "DSFAppKitBuilder" */;
			productName = DSFAppKitBuilder;
		};
		23D5A48D26CB474000211D4F /* DSFBrowserView */ = {
			isa = XCSwiftPackageProductDependency;
			productName = DSFBrowserView;
		};
/* End XCSwiftPackageProductDependency section */
	};
	rootObject = 23D5A46F26CB467900211D4F /* Project object */;
}
